
Microsoft Visual Studio Solution File, Format Version 12.00
# Visual Studio 2012
Project("{F184B08F-C81C-45F6-A57F-5ABD9991F28F}") = "WindowsApplication1", "WindowsApplication1\WindowsApplication1.vbproj", "{C25DCA27-B27F-4C0D-A247-1EE53347450E}"
EndProject
Project("{FAE04EC0-301F-11D3-BF4B-00C04F79EFBC}") = "CData", "ClassLibrary1\CData.csproj", "{59B6D6B9-CEBF-4CA8-A580-6AEEE78CAB7F}"
EndProject
Global
	GlobalSection(SolutionConfigurationPlatforms) = preSolution
		Debug|Any CPU = Debug|Any CPU
		Release|Any CPU = Release|Any CPU
	EndGlobalSection
	GlobalSection(ProjectConfigurationPlatforms) = postSolution
		{C25DCA27-B27F-4C0D-A247-1EE53347450E}.Debug|Any CPU.ActiveCfg = Debug|Any CPU
		{C25DCA27-B27F-4C0D-A247-1EE53347450E}.Debug|Any CPU.Build.0 = Debug|Any CPU
		{C25DCA27-B27F-4C0D-A247-1EE53347450E}.Release|Any CPU.ActiveCfg = Release|Any CPU
		{C25DCA27-B27F-4C0D-A247-1EE53347450E}.Release|Any CPU.Build.0 = Release|Any CPU
		{59B6D6B9-CEBF-4CA8-A580-6AEEE78CAB7F}.Debug|Any CPU.ActiveCfg = Debug|Any CPU
		{59B6D6B9-CEBF-4CA8-A580-6AEEE78CAB7F}.Debug|Any CPU.Build.0 = Debug|Any CPU
		{59B6D6B9-CEBF-4CA8-A580-6AEEE78CAB7F}.Release|Any CPU.ActiveCfg = Release|Any CPU
		{59B6D6B9-CEBF-4CA8-A580-6AEEE78CAB7F}.Release|Any CPU.Build.0 = Release|Any CPU
	EndGlobalSection
	GlobalSection(SolutionProperties) = preSolution
		HideSolutionNode = FALSE
	EndGlobalSection
EndGlobal
